github.com/rtt/Go-Solr v0.0.0-20190512221613-64fac99dcae2 h1:CYVr4iW4FURmP0OsiAu/X7dKniuf8jVX/Z76bNY8jlA=
github.com/rtt/Go-Solr v0.0.0-20190512221613-64fac99dcae2/go.mod h1:9E3228s3UIv8t8fiQL6XNj0Gsldbk88n/AVMaRnkk5Q=
github.com/wangguoxiang/go-solr v0.0.0-20210127022541-646829e15463 h1:1McDRd4WGoxJbHDhWWpOtxTQ401JtTasOw92EyvkPBg=
